// !$*UTF8*$!
{
	archiveVersion = 1;
	classes = {
	};
	objectVersion = 55;
	objects = {

/* Begin PBXBuildFile section */
		E90D3AA22842EEAD00C1E1DC /* ErrorExt.swift in Sources */ = {isa = PBXBuildFile; fileRef = E90D3AA12842EEAD00C1E1DC /* ErrorExt.swift */; };
		E943BC4E2841F2FA001FE42D /* MealListByCategoryView.swift in Sources */ = {isa = PBXBuildFile; fileRef = E943BC4D2841F2FA001FE42D /* MealListByCategoryView.swift */; };
		E943BC5028420525001FE42D /* MealModel.swift in Sources */ = {isa = PBXBuildFile; fileRef = E943BC4F28420525001FE42D /* MealModel.swift */; };
		E943BC5228420A70001FE42D /* MealRowView.swift in Sources */ = {isa = PBXBuildFile; fileRef = E943BC5128420A70001FE42D /* MealRowView.swift */; };
		E943BC5428420F66001FE42D /* MealDetailView.swift in Sources */ = {isa = PBXBuildFile; fileRef = E943BC5328420F66001FE42D /* MealDetailView.swift */; };
		E943BC5628421034001FE42D /* CategoryMealRowView.swift in Sources */ = {isa = PBXBuildFile; fileRef = E943BC5528421034001FE42D /* CategoryMealRowView.swift */; };
		E943BC5828422B17001FE42D /* MealIngredientView.swift in Sources */ = {isa = PBXBuildFile; fileRef = E943BC5728422B17001FE42D /* MealIngredientView.swift */; };
		E943BC5E28424765001FE42D /* AreaMealRowView.swift in Sources */ = {isa = PBXBuildFile; fileRef = E943BC5D28424765001FE42D /* AreaMealRowView.swift */; };
		E943BC60284247F2001FE42D /* AreaModel.swift in Sources */ = {isa = PBXBuildFile; fileRef = E943BC5F284247F2001FE42D /* AreaModel.swift */; };
		E943BC62284248E7001FE42D /* AreaMealListView.swift in Sources */ = {isa = PBXBuildFile; fileRef = E943BC61284248E7001FE42D /* AreaMealListView.swift */; };
		E943BC6428424AE9001FE42D /* MealListByAreaView.swift in Sources */ = {isa = PBXBuildFile; fileRef = E943BC6328424AE9001FE42D /* MealListByAreaView.swift */; };
		E943BC6728425349001FE42D /* IngredientModel.swift in Sources */ = {isa = PBXBuildFile; fileRef = E943BC6628425349001FE42D /* IngredientModel.swift */; };
		E943BC69284253DA001FE42D /* IngredientMealRowView.swift in Sources */ = {isa = PBXBuildFile; fileRef = E943BC68284253DA001FE42D /* IngredientMealRowView.swift */; };
		E943BC6B284255EA001FE42D /* IngredientMealListView.swift in Sources */ = {isa = PBXBuildFile; fileRef = E943BC6A284255EA001FE42D /* IngredientMealListView.swift */; };
		E943BC6D28425BAE001FE42D /* MealListByIngredientView.swift in Sources */ = {isa = PBXBuildFile; fileRef = E943BC6C28425BAE001FE42D /* MealListByIngredientView.swift */; };
		E948DDC4284263510053FBD3 /* GLoadingView.swift in Sources */ = {isa = PBXBuildFile; fileRef = E948DDC3284263510053FBD3 /* GLoadingView.swift */; };
		E948DDC6284263BD0053FBD3 /* GDataNotFoundView.swift in Sources */ = {isa = PBXBuildFile; fileRef = E948DDC5284263BD0053FBD3 /* GDataNotFoundView.swift */; };
		E948DDCD284288980053FBD3 /* ColorExt.swift in Sources */ = {isa = PBXBuildFile; fileRef = E948DDCC284288980053FBD3 /* ColorExt.swift */; };
		E948DDCF2842902F0053FBD3 /* GSearchBarView.swift in Sources */ = {isa = PBXBuildFile; fileRef = E948DDCE2842902F0053FBD3 /* GSearchBarView.swift */; };
		E9CF8F272843324000A9070B /* GCircleImage.swift in Sources */ = {isa = PBXBuildFile; fileRef = E9CF8F262843324000A9070B /* GCircleImage.swift */; };
		E9CF8F2D2843356C00A9070B /* ProfileCreatorView.swift in Sources */ = {isa = PBXBuildFile; fileRef = E9CF8F2C2843356C00A9070B /* ProfileCreatorView.swift */; };
		E9EAE1D02841300C00452017 /* ginwaFoodApp.swift in Sources */ = {isa = PBXBuildFile; fileRef = E9EAE1CF2841300C00452017 /* ginwaFoodApp.swift */; };
		E9EAE1D22841300C00452017 /* ContentView.swift in Sources */ = {isa = PBXBuildFile; fileRef = E9EAE1D12841300C00452017 /* ContentView.swift */; };
		E9EAE1D42841300E00452017 /* Assets.xcassets in Resources */ = {isa = PBXBuildFile; fileRef = E9EAE1D32841300E00452017 /* Assets.xcassets */; };
		E9EAE1D72841300E00452017 /* Preview Assets.xcassets in Resources */ = {isa = PBXBuildFile; fileRef = E9EAE1D62841300E00452017 /* Preview Assets.xcassets */; };
		E9EAE1F228413AB500452017 /* CategoryModel.swift in Sources */ = {isa = PBXBuildFile; fileRef = E9EAE1F128413AB500452017 /* CategoryModel.swift */; };
		E9EAE1F62841AE5700452017 /* CategoryMealListView.swift in Sources */ = {isa = PBXBuildFile; fileRef = E9EAE1F52841AE5700452017 /* CategoryMealListView.swift */; };
/* End PBXBuildFile section */

/* Begin PBXFileReference section */
		E90D3AA12842EEAD00C1E1DC /* ErrorExt.swift */ = {isa = PBXFileReference; lastKnownFileType = sourcecode.swift; path = ErrorExt.swift; sourceTree = "<group>"; };
		E943BC4D2841F2FA001FE42D /* MealListByCategoryView.swift */ = {isa = PBXFileReference; lastKnownFileType = sourcecode.swift; path = MealListByCategoryView.swift; sourceTree = "<group>"; };
		E943BC4F28420525001FE42D /* MealModel.swift */ = {isa = PBXFileReference; lastKnownFileType = sourcecode.swift; path = MealModel.swift; sourceTree = "<group>"; };
		E943BC5128420A70001FE42D /* MealRowView.swift */ = {isa = PBXFileReference; lastKnownFileType = sourcecode.swift; path = MealRowView.swift; sourceTree = "<group>"; };
		E943BC5328420F66001FE42D /* MealDetailView.swift */ = {isa = PBXFileReference; lastKnownFileType = sourcecode.swift; path = MealDetailView.swift; sourceTree = "<group>"; };
		E943BC5528421034001FE42D /* CategoryMealRowView.swift */ = {isa = PBXFileReference; lastKnownFileType = sourcecode.swift; path = CategoryMealRowView.swift; sourceTree = "<group>"; };
		E943BC5728422B17001FE42D /* MealIngredientView.swift */ = {isa = PBXFileReference; lastKnownFileType = sourcecode.swift; path = MealIngredientView.swift; sourceTree = "<group>"; };
		E943BC5D28424765001FE42D /* AreaMealRowView.swift */ = {isa = PBXFileReference; lastKnownFileType = sourcecode.swift; path = AreaMealRowView.swift; sourceTree = "<group>"; };
		E943BC5F284247F2001FE42D /* AreaModel.swift */ = {isa = PBXFileReference; lastKnownFileType = sourcecode.swift; path = AreaModel.swift; sourceTree = "<group>"; };
		E943BC61284248E7001FE42D /* AreaMealListView.swift */ = {isa = PBXFileReference; lastKnownFileType = sourcecode.swift; path = AreaMealListView.swift; sourceTree = "<group>"; };
		E943BC6328424AE9001FE42D /* MealListByAreaView.swift */ = {isa = PBXFileReference; lastKnownFileType = sourcecode.swift; path = MealListByAreaView.swift; sourceTree = "<group>"; };
		E943BC6628425349001FE42D /* IngredientModel.swift */ = {isa = PBXFileReference; lastKnownFileType = sourcecode.swift; path = IngredientModel.swift; sourceTree = "<group>"; };
		E943BC68284253DA001FE42D /* IngredientMealRowView.swift */ = {isa = PBXFileReference; lastKnownFileType = sourcecode.swift; path = IngredientMealRowView.swift; sourceTree = "<group>"; };
		E943BC6A284255EA001FE42D /* IngredientMealListView.swift */ = {isa = PBXFileReference; lastKnownFileType = sourcecode.swift; path = IngredientMealListView.swift; sourceTree = "<group>"; };
		E943BC6C28425BAE001FE42D /* MealListByIngredientView.swift */ = {isa = PBXFileReference; lastKnownFileType = sourcecode.swift; path = MealListByIngredientView.swift; sourceTree = "<group>"; };
		E948DDC3284263510053FBD3 /* GLoadingView.swift */ = {isa = PBXFileReference; lastKnownFileType = sourcecode.swift; path = GLoadingView.swift; sourceTree = "<group>"; };
		E948DDC5284263BD0053FBD3 /* GDataNotFoundView.swift */ = {isa = PBXFileReference; lastKnownFileType = sourcecode.swift; path = GDataNotFoundView.swift; sourceTree = "<group>"; };
		E948DDCC284288980053FBD3 /* ColorExt.swift */ = {isa = PBXFileReference; lastKnownFileType = sourcecode.swift; path = ColorExt.swift; sourceTree = "<group>"; };
		E948DDCE2842902F0053FBD3 /* GSearchBarView.swift */ = {isa = PBXFileReference; lastKnownFileType = sourcecode.swift; path = GSearchBarView.swift; sourceTree = "<group>"; };
		E9CF8F262843324000A9070B /* GCircleImage.swift */ = {isa = PBXFileReference; lastKnownFileType = sourcecode.swift; path = GCircleImage.swift; sourceTree = "<group>"; };
		E9CF8F2C2843356C00A9070B /* ProfileCreatorView.swift */ = {isa = PBXFileReference; lastKnownFileType = sourcecode.swift; path = ProfileCreatorView.swift; sourceTree = "<group>"; };
		E9EAE1CC2841300C00452017 /* ginwaFood.app */ = {isa = PBXFileReference; explicitFileType = wrapper.application; includeInIndex = 0; path = ginwaFood.app; sourceTree = BUILT_PRODUCTS_DIR; };
		E9EAE1CF2841300C00452017 /* ginwaFoodApp.swift */ = {isa = PBXFileReference; lastKnownFileType = sourcecode.swift; path = ginwaFoodApp.swift; sourceTree = "<group>"; };
		E9EAE1D12841300C00452017 /* ContentView.swift */ = {isa = PBXFileReference; lastKnownFileType = sourcecode.swift; path = ContentView.swift; sourceTree = "<group>"; };
		E9EAE1D32841300E00452017 /* Assets.xcassets */ = {isa = PBXFileReference; lastKnownFileType = folder.assetcatalog; path = Assets.xcassets; sourceTree = "<group>"; };
		E9EAE1D62841300E00452017 /* Preview Assets.xcassets */ = {isa = PBXFileReference; lastKnownFileType = folder.assetcatalog; path = "Preview Assets.xcassets"; sourceTree = "<group>"; };
		E9EAE1F128413AB500452017 /* CategoryModel.swift */ = {isa = PBXFileReference; lastKnownFileType = sourcecode.swift; path = CategoryModel.swift; sourceTree = "<group>"; };
		E9EAE1F52841AE5700452017 /* CategoryMealListView.swift */ = {isa = PBXFileReference; lastKnownFileType = sourcecode.swift; path = CategoryMealListView.swift; sourceTree = "<group>"; };
/* End PBXFileReference section */

/* Begin PBXFrameworksBuildPhase section */
		E9EAE1C92841300C00452017 /* Frameworks */ = {
			isa = PBXFrameworksBuildPhase;
			buildActionMask = 2147483647;
			files = (
			);
			runOnlyForDeploymentPostprocessing = 0;
		};
/* End PBXFrameworksBuildPhase section */

/* Begin PBXGroup section */
		E943BC59284246E7001FE42D /* CategoryView */ = {
			isa = PBXGroup;
			children = (
				E9EAE1F52841AE5700452017 /* CategoryMealListView.swift */,
				E943BC4D2841F2FA001FE42D /* MealListByCategoryView.swift */,
				E943BC5528421034001FE42D /* CategoryMealRowView.swift */,
			);
			path = CategoryView;
			sourceTree = "<group>";
		};
		E943BC5C28424728001FE42D /* AreaView */ = {
			isa = PBXGroup;
			children = (
				E943BC5D28424765001FE42D /* AreaMealRowView.swift */,
				E943BC61284248E7001FE42D /* AreaMealListView.swift */,
				E943BC6328424AE9001FE42D /* MealListByAreaView.swift */,
			);
			path = AreaView;
			sourceTree = "<group>";
		};
		E943BC65284252DE001FE42D /* IngredientsView */ = {
			isa = PBXGroup;
			children = (
				E943BC68284253DA001FE42D /* IngredientMealRowView.swift */,
				E943BC6A284255EA001FE42D /* IngredientMealListView.swift */,
				E943BC6C28425BAE001FE42D /* MealListByIngredientView.swift */,
			);
			path = IngredientsView;
			sourceTree = "<group>";
		};
		E948DDC2284263440053FBD3 /* Utils */ = {
			isa = PBXGroup;
			children = (
				E948DDCC284288980053FBD3 /* ColorExt.swift */,
				E90D3AA12842EEAD00C1E1DC /* ErrorExt.swift */,
			);
			path = Utils;
			sourceTree = "<group>";
		};
		E9CF8F282843341700A9070B /* ReusableView */ = {
			isa = PBXGroup;
			children = (
				E948DDC3284263510053FBD3 /* GLoadingView.swift */,
				E948DDC5284263BD0053FBD3 /* GDataNotFoundView.swift */,
				E948DDCE2842902F0053FBD3 /* GSearchBarView.swift */,
				E9CF8F262843324000A9070B /* GCircleImage.swift */,
			);
			path = ReusableView;
			sourceTree = "<group>";
		};
		E9CF8F2A2843347100A9070B /* MealView */ = {
			isa = PBXGroup;
			children = (
				E943BC5128420A70001FE42D /* MealRowView.swift */,
				E943BC5328420F66001FE42D /* MealDetailView.swift */,
				E943BC5728422B17001FE42D /* MealIngredientView.swift */,
			);
			path = MealView;
			sourceTree = "<group>";
		};
		E9CF8F2B2843355200A9070B /* ProfileCreatorView */ = {
			isa = PBXGroup;
			children = (
				E9CF8F2C2843356C00A9070B /* ProfileCreatorView.swift */,
			);
			path = ProfileCreatorView;
			sourceTree = "<group>";
		};
		E9EAE1C32841300C00452017 = {
			isa = PBXGroup;
			children = (
				E9EAE1CE2841300C00452017 /* ginwaFood */,
				E9EAE1CD2841300C00452017 /* Products */,
			);
			sourceTree = "<group>";
		};
		E9EAE1CD2841300C00452017 /* Products */ = {
			isa = PBXGroup;
			children = (
				E9EAE1CC2841300C00452017 /* ginwaFood.app */,
			);
			name = Products;
			sourceTree = "<group>";
		};
		E9EAE1CE2841300C00452017 /* ginwaFood */ = {
			isa = PBXGroup;
			children = (
				E9EAE1CF2841300C00452017 /* ginwaFoodApp.swift */,
				E9EAE1D12841300C00452017 /* ContentView.swift */,
				E9CF8F282843341700A9070B /* ReusableView */,
				E948DDC2284263440053FBD3 /* Utils */,
				E9EAE1EB2841376200452017 /* Views */,
				E9EAE1EA2841375100452017 /* Models */,
				E9EAE1D32841300E00452017 /* Assets.xcassets */,
				E9EAE1D52841300E00452017 /* Preview Content */,
			);
			path = ginwaFood;
			sourceTree = "<group>";
		};
		E9EAE1D52841300E00452017 /* Preview Content */ = {
			isa = PBXGroup;
			children = (
				E9EAE1D62841300E00452017 /* Preview Assets.xcassets */,
			);
			path = "Preview Content";
			sourceTree = "<group>";
		};
		E9EAE1EA2841375100452017 /* Models */ = {
			isa = PBXGroup;
			children = (
				E9EAE1F128413AB500452017 /* CategoryModel.swift */,
				E943BC4F28420525001FE42D /* MealModel.swift */,
				E943BC5F284247F2001FE42D /* AreaModel.swift */,
				E943BC6628425349001FE42D /* IngredientModel.swift */,
			);
			path = Models;
			sourceTree = "<group>";
		};
		E9EAE1EB2841376200452017 /* Views */ = {
			isa = PBXGroup;
			children = (
				E9CF8F2B2843355200A9070B /* ProfileCreatorView */,
				E9CF8F2A2843347100A9070B /* MealView */,
				E943BC65284252DE001FE42D /* IngredientsView */,
				E943BC5C28424728001FE42D /* AreaView */,
				E943BC59284246E7001FE42D /* CategoryView */,
			);
			path = Views;
			sourceTree = "<group>";
		};
/* End PBXGroup section */

/* Begin PBXNativeTarget section */
		E9EAE1CB2841300C00452017 /* ginwaFood */ = {
			isa = PBXNativeTarget;
			buildConfigurationList = E9EAE1DA2841300E00452017 /* Build configuration list for PBXNativeTarget "ginwaFood" */;
			buildPhases = (
				E9EAE1C82841300C00452017 /* Sources */,
				E9EAE1C92841300C00452017 /* Frameworks */,
				E9EAE1CA2841300C00452017 /* Resources */,
			);
			buildRules = (
			);
			dependencies = (
			);
			name = ginwaFood;
			packageProductDependencies = (
			);
			productName = ginwaFood;
			productReference = E9EAE1CC2841300C00452017 /* ginwaFood.app */;
			productType = "com.apple.product-type.application";
		};
/* End PBXNativeTarget section */

/* Begin PBXProject section */
		E9EAE1C42841300C00452017 /* Project object */ = {
			isa = PBXProject;
			attributes = {
				BuildIndependentTargetsInParallel = 1;
				LastSwiftUpdateCheck = 1340;
				LastUpgradeCheck = 1340;
				TargetAttributes = {
					E9EAE1CB2841300C00452017 = {
						CreatedOnToolsVersion = 13.4;
					};
				};
			};
			buildConfigurationList = E9EAE1C72841300C00452017 /* Build configuration list for PBXProject "ginwaFood" */;
			compatibilityVersion = "Xcode 13.0";
			developmentRegion = en;
			hasScannedForEncodings = 0;
			knownRegions = (
				en,
				Base,
			);
			mainGroup = E9EAE1C32841300C00452017;
			packageReferences = (
			);
			productRefGroup = E9EAE1CD2841300C00452017 /* Products */;
			projectDirPath = "";
			projectRoot = "";
			targets = (
				E9EAE1CB2841300C00452017 /* ginwaFood */,
			);
		};
/* End PBXProject section */

/* Begin PBXResourcesBuildPhase section */
		E9EAE1CA2841300C00452017 /* Resources */ = {
			isa = PBXResourcesBuildPhase;
			buildActionMask = 2147483647;
			files = (
				E9EAE1D72841300E00452017 /* Preview Assets.xcassets in Resources */,
				E9EAE1D42841300E00452017 /* Assets.xcassets in Resources */,
			);
			runOnlyForDeploymentPostprocessing = 0;
		};
/* End PBXResourcesBuildPhase section */

/* Begin PBXSourcesBuildPhase section */
		E9EAE1C82841300C00452017 /* Sources */ = {
			isa = PBXSourcesBuildPhase;
			buildActionMask = 2147483647;
			files = (
				E943BC6428424AE9001FE42D /* MealListByAreaView.swift in Sources */,
				E9CF8F272843324000A9070B /* GCircleImage.swift in Sources */,
				E948DDC4284263510053FBD3 /* GLoadingView.swift in Sources */,
				E943BC60284247F2001FE42D /* AreaModel.swift in Sources */,
				E9EAE1F228413AB500452017 /* CategoryModel.swift in Sources */,
				E9EAE1F62841AE5700452017 /* CategoryMealListView.swift in Sources */,
				E9CF8F2D2843356C00A9070B /* ProfileCreatorView.swift in Sources */,
				E943BC5428420F66001FE42D /* MealDetailView.swift in Sources */,
				E943BC5628421034001FE42D /* CategoryMealRowView.swift in Sources */,
				E948DDCD284288980053FBD3 /* ColorExt.swift in Sources */,
				E943BC4E2841F2FA001FE42D /* MealListByCategoryView.swift in Sources */,
				E943BC6B284255EA001FE42D /* IngredientMealListView.swift in Sources */,
				E943BC5228420A70001FE42D /* MealRowView.swift in Sources */,
				E90D3AA22842EEAD00C1E1DC /* ErrorExt.swift in Sources */,
				E9EAE1D22841300C00452017 /* ContentView.swift in Sources */,
				E943BC69284253DA001FE42D /* IngredientMealRowView.swift in Sources */,
				E948DDCF2842902F0053FBD3 /* GSearchBarView.swift in Sources */,
				E943BC5028420525001FE42D /* MealModel.swift in Sources */,
				E943BC5828422B17001FE42D /* MealIngredientView.swift in Sources */,
				E9EAE1D02841300C00452017 /* ginwaFoodApp.swift in Sources */,
				E943BC62284248E7001FE42D /* AreaMealListView.swift in Sources */,
				E943BC6D28425BAE001FE42D /* MealListByIngredientView.swift in Sources */,
				E943BC6728425349001FE42D /* IngredientModel.swift in Sources */,
				E943BC5E28424765001FE42D /* AreaMealRowView.swift in Sources */,
				E948DDC6284263BD0053FBD3 /* GDataNotFoundView.swift in Sources */,
			);
			runOnlyForDeploymentPostprocessing = 0;
		};
/* End PBXSourcesBuildPhase section */

/* Begin XCBuildConfiguration section */
		E9EAE1D82841300E00452017 /* Debug */ = {
			isa = XCBuildConfiguration;
			buildSettings = {
				ALWAYS_SEARCH_USER_PATHS = NO;
				CLANG_ANALYZER_NONNULL = YES;
				CLANG_ANALYZER_NUMBER_OBJECT_CONVERSION = YES_AGGRESSIVE;
				CLANG_CXX_LANGUAGE_STANDARD = "gnu++17";
				CLANG_ENABLE_MODULES = YES;
				CLANG_ENABLE_OBJC_ARC = YES;
				CLANG_ENABLE_OBJC_WEAK = YES;
				CLANG_WARN_BLOCK_CAPTURE_AUTORELEASING = YES;
				CLANG_WARN_BOOL_CONVERSION = YES;
				CLANG_WARN_COMMA = YES;
				CLANG_WARN_CONSTANT_CONVERSION = YES;
				CLANG_WARN_DEPRECATED_OBJC_IMPLEMENTATIONS = YES;
				CLANG_WARN_DIRECT_OBJC_ISA_USAGE = YES_ERROR;
				CLANG_WARN_DOCUMENTATION_COMMENTS = YES;
				CLANG_WARN_EMPTY_BODY = YES;
				CLANG_WARN_ENUM_CONVERSION = YES;
				CLANG_WARN_INFINITE_RECURSION = YES;
				CLANG_WARN_INT_CONVERSION = YES;
				CLANG_WARN_NON_LITERAL_NULL_CONVERSION = YES;
				CLANG_WARN_OBJC_IMPLICIT_RETAIN_SELF = YES;
				CLANG_WARN_OBJC_LITERAL_CONVERSION = YES;
				CLANG_WARN_OBJC_ROOT_CLASS = YES_ERROR;
				CLANG_WARN_QUOTED_INCLUDE_IN_FRAMEWORK_HEADER = YES;
				CLANG_WARN_RANGE_LOOP_ANALYSIS = YES;
				CLANG_WARN_STRICT_PROTOTYPES = YES;
				CLANG_WARN_SUSPICIOUS_MOVE = YES;
				CLANG_WARN_UNGUARDED_AVAILABILITY = YES_AGGRESSIVE;
				CLANG_WARN_UNREACHABLE_CODE = YES;
				CLANG_WARN__DUPLICATE_METHOD_MATCH = YES;
				COPY_PHASE_STRIP = NO;
				DEBUG_INFORMATION_FORMAT = dwarf;
				ENABLE_STRICT_OBJC_MSGSEND = YES;
				ENABLE_TESTABILITY = YES;
				GCC_C_LANGUAGE_STANDARD = gnu11;
				GCC_DYNAMIC_NO_PIC = NO;
				GCC_NO_COMMON_BLOCKS = YES;
				GCC_OPTIMIZATION_LEVEL = 0;
				GCC_PREPROCESSOR_DEFINITIONS = (
					"DEBUG=1",
					"$(inherited)",
				);
				GCC_WARN_64_TO_32_BIT_CONVERSION = YES;
				GCC_WARN_ABOUT_RETURN_TYPE = YES_ERROR;
				GCC_WARN_UNDECLARED_SELECTOR = YES;
				GCC_WARN_UNINITIALIZED_AUTOS = YES_AGGRESSIVE;
				GCC_WARN_UNUSED_FUNCTION = YES;
				GCC_WARN_UNUSED_VARIABLE = YES;
				IPHONEOS_DEPLOYMENT_TARGET = 15.5;
				MTL_ENABLE_DEBUG_INFO = INCLUDE_SOURCE;
				MTL_FAST_MATH = YES;
				ONLY_ACTIVE_ARCH = YES;
				SDKROOT = iphoneos;
				SWIFT_ACTIVE_COMPILATION_CONDITIONS = DEBUG;
				SWIFT_OPTIMIZATION_LEVEL = "-Onone";
			};
			name = Debug;
		};
		E9EAE1D92841300E00452017 /* Release */ = {
			isa = XCBuildConfiguration;
			buildSettings = {
				ALWAYS_SEARCH_USER_PATHS = NO;
				CLANG_ANALYZER_NONNULL = YES;
				CLANG_ANALYZER_NUMBER_OBJECT_CONVERSION = YES_AGGRESSIVE;
				CLANG_CXX_LANGUAGE_STANDARD = "gnu++17";
				CLANG_ENABLE_MODULES = YES;
				CLANG_ENABLE_OBJC_ARC = YES;
				CLANG_ENABLE_OBJC_WEAK = YES;
				CLANG_WARN_BLOCK_CAPTURE_AUTORELEASING = YES;
				CLANG_WARN_BOOL_CONVERSION = YES;
				CLANG_WARN_COMMA = YES;
				CLANG_WARN_CONSTANT_CONVERSION = YES;
				CLANG_WARN_DEPRECATED_OBJC_IMPLEMENTATIONS = YES;
				CLANG_WARN_DIRECT_OBJC_ISA_USAGE = YES_ERROR;
				CLANG_WARN_DOCUMENTATION_COMMENTS = YES;
				CLANG_WARN_EMPTY_BODY = YES;
				CLANG_WARN_ENUM_CONVERSION = YES;
				CLANG_WARN_INFINITE_RECURSION = YES;
				CLANG_WARN_INT_CONVERSION = YES;
				CLANG_WARN_NON_LITERAL_NULL_CONVERSION = YES;
				CLANG_WARN_OBJC_IMPLICIT_RETAIN_SELF = YES;
				CLANG_WARN_OBJC_LITERAL_CONVERSION = YES;
				CLANG_WARN_OBJC_ROOT_CLASS = YES_ERROR;
				CLANG_WARN_QUOTED_INCLUDE_IN_FRAMEWORK_HEADER = YES;
				CLANG_WARN_RANGE_LOOP_ANALYSIS = YES;
				CLANG_WARN_STRICT_PROTOTYPES = YES;
				CLANG_WARN_SUSPICIOUS_MOVE = YES;
				CLANG_WARN_UNGUARDED_AVAILABILITY = YES_AGGRESSIVE;
				CLANG_WARN_UNREACHABLE_CODE = YES;
				CLANG_WARN__DUPLICATE_METHOD_MATCH = YES;
				COPY_PHASE_STRIP = NO;
				DEBUG_INFORMATION_FORMAT = "dwarf-with-dsym";
				ENABLE_NS_ASSERTIONS = NO;
				ENABLE_STRICT_OBJC_MSGSEND = YES;
				GCC_C_LANGUAGE_STANDARD = gnu11;
				GCC_NO_COMMON_BLOCKS = YES;
				GCC_WARN_64_TO_32_BIT_CONVERSION = YES;
				GCC_WARN_ABOUT_RETURN_TYPE = YES_ERROR;
				GCC_WARN_UNDECLARED_SELECTOR = YES;
				GCC_WARN_UNINITIALIZED_AUTOS = YES_AGGRESSIVE;
				GCC_WARN_UNUSED_FUNCTION = YES;
				GCC_WARN_UNUSED_VARIABLE = YES;
				IPHONEOS_DEPLOYMENT_TARGET = 15.5;
				MTL_ENABLE_DEBUG_INFO = NO;
				MTL_FAST_MATH = YES;
				SDKROOT = iphoneos;
				SWIFT_COMPILATION_MODE = wholemodule;
				SWIFT_OPTIMIZATION_LEVEL = "-O";
				VALIDATE_PRODUCT = YES;
			};
			name = Release;
		};
		E9EAE1DB2841300E00452017 /* Debug */ = {
			isa = XCBuildConfiguration;
			buildSettings = {
				ASSETCATALOG_COMPILER_APPICON_NAME = AppIcon;
				ASSETCATALOG_COMPILER_GLOBAL_ACCENT_COLOR_NAME = AccentColor;
				CODE_SIGN_STYLE = Automatic;
				CURRENT_PROJECT_VERSION = 1;
				DEVELOPMENT_ASSET_PATHS = "\"ginwaFood/Preview Content\"";
				ENABLE_PREVIEWS = YES;
				GENERATE_INFOPLIST_FILE = YES;
				INFOPLIST_KEY_UIApplicationSceneManifest_Generation = YES;
				INFOPLIST_KEY_UIApplicationSupportsIndirectInputEvents = YES;
				INFOPLIST_KEY_UILaunchScreen_Generation = YES;
				INFOPLIST_KEY_UISupportedInterfaceOrientations_iPad = "UIInterfaceOrientationPortrait UIInterfaceOrientationPortraitUpsideDown UIInterfaceOrientationLandscapeLeft UIInterfaceOrientationLandscapeRight";
				INFOPLIST_KEY_UISupportedInterfaceOrientations_iPhone = "UIInterfaceOrientationPortrait UIInterfaceOrientationLandscapeLeft UIInterfaceOrientationLandscapeRight";
				LD_RUNPATH_SEARCH_PATHS = (
					"$(inherited)",
					"@executable_path/Frameworks",
				);
				MARKETING_VERSION = 1.0;
				PRODUCT_BUNDLE_IDENTIFIER = ginwa.ginwaFood;
				PRODUCT_NAME = "$(TARGET_NAME)";
				SWIFT_EMIT_LOC_STRINGS = YES;
				SWIFT_VERSION = 5.0;
				TARGETED_DEVICE_FAMILY = "1,2";
			};
			name = Debug;
		};
		E9EAE1DC2841300E00452017 /* Release */ = {
			isa = XCBuildConfiguration;
			buildSettings = {
				ASSETCATALOG_COMPILER_APPICON_NAME = AppIcon;
				ASSETCATALOG_COMPILER_GLOBAL_ACCENT_COLOR_NAME = AccentColor;
				CODE_SIGN_STYLE = Automatic;
				CURRENT_PROJECT_VERSION = 1;
				DEVELOPMENT_ASSET_PATHS = "\"ginwaFood/Preview Content\"";
				ENABLE_PREVIEWS = YES;
				GENERATE_INFOPLIST_FILE = YES;
				INFOPLIST_KEY_UIApplicationSceneManifest_Generation = YES;
				INFOPLIST_KEY_UIApplicationSupportsIndirectInputEvents = YES;
				INFOPLIST_KEY_UILaunchScreen_Generation = YES;
				INFOPLIST_KEY_UISupportedInterfaceOrientations_iPad = "UIInterfaceOrientationPortrait UIInterfaceOrientationPortraitUpsideDown UIInterfaceOrientationLandscapeLeft UIInterfaceOrientationLandscapeRight";
				INFOPLIST_KEY_UISupportedInterfaceOrientations_iPhone = "UIInterfaceOrientationPortrait UIInterfaceOrientationLandscapeLeft UIInterfaceOrientationLandscapeRight";
				LD_RUNPATH_SEARCH_PATHS = (
					"$(inherited)",
					"@executable_path/Frameworks",
				);
				MARKETING_VERSION = 1.0;
				PRODUCT_BUNDLE_IDENTIFIER = ginwa.ginwaFood;
				PRODUCT_NAME = "$(TARGET_NAME)";
				SWIFT_EMIT_LOC_STRINGS = YES;
				SWIFT_VERSION = 5.0;
				TARGETED_DEVICE_FAMILY = "1,2";
			};
			name = Release;
		};
/* End XCBuildConfiguration section */

/* Begin XCConfigurationList section */
		E9EAE1C72841300C00452017 /* Build configuration list for PBXProject "ginwaFood" */ = {
			isa = XCConfigurationList;
			buildConfigurations = (
				E9EAE1D82841300E00452017 /* Debug */,
				E9EAE1D92841300E00452017 /* Release */,
			);
			defaultConfigurationIsVisible = 0;
			defaultConfigurationName = Release;
		};
		E9EAE1DA2841300E00452017 /* Build configuration list for PBXNativeTarget "ginwaFood" */ = {
			isa = XCConfigurationList;
			buildConfigurations = (
				E9EAE1DB2841300E00452017 /* Debug */,
				E9EAE1DC2841300E00452017 /* Release */,
			);
			defaultConfigurationIsVisible = 0;
			defaultConfigurationName = Release;
		};
/* End XCConfigurationList section */
	};
	rootObject = E9EAE1C42841300C00452017 /* Project object */;
}
